
Microsoft Visual Studio Solution File, Format Version 12.00
# Visual Studio Version 17
VisualStudioVersion = 17.11.35327.3
MinimumVisualStudioVersion = 10.0.40219.1
Project("{FAE04EC0-301F-11D3-BF4B-00C04F79EFBC}") = "JustCheckingAPI", "JustCheckingBackEnd\JustCheckingAPI.csproj", "{B25980A6-1273-4243-AC3C-E37E3434FAAE}"
EndProject
Project("{FAE04EC0-301F-11D3-BF4B-00C04F79EFBC}") = "JustCheckingDatabase", "JustCheckingDatabase\JustCheckingDatabase.csproj", "{4237BB2E-9A68-40FF-866B-07FCB99FC38C}"
EndProject
Global
	GlobalSection(SolutionConfigurationPlatforms) = preSolution
		Debug|Any CPU = Debug|Any CPU
		Release|Any CPU = Release|Any CPU
	EndGlobalSection
	GlobalSection(ProjectConfigurationPlatforms) = postSolution
		{B25980A6-1273-4243-AC3C-E37E3434FAAE}.Debug|Any CPU.ActiveCfg = Debug|Any CPU
		{B25980A6-1273-4243-AC3C-E37E3434FAAE}.Debug|Any CPU.Build.0 = Debug|Any CPU
		{B25980A6-1273-4243-AC3C-E37E3434FAAE}.Release|Any CPU.ActiveCfg = Release|Any CPU
		{B25980A6-1273-4243-AC3C-E37E3434FAAE}.Release|Any CPU.Build.0 = Release|Any CPU
		{4237BB2E-9A68-40FF-866B-07FCB99FC38C}.Debug|Any CPU.ActiveCfg = Debug|Any CPU
		{4237BB2E-9A68-40FF-866B-07FCB99FC38C}.Debug|Any CPU.Build.0 = Debug|Any CPU
		{4237BB2E-9A68-40FF-866B-07FCB99FC38C}.Release|Any CPU.ActiveCfg = Release|Any CPU
		{4237BB2E-9A68-40FF-866B-07FCB99FC38C}.Release|Any CPU.Build.0 = Release|Any CPU
	EndGlobalSection
	GlobalSection(SolutionProperties) = preSolution
		HideSolutionNode = FALSE
	EndGlobalSection
	GlobalSection(ExtensibilityGlobals) = postSolution
		SolutionGuid = {B29CDDDF-1381-4A90-8E7D-178072E5E006}
	EndGlobalSection
EndGlobal
